
Microsoft Visual Studio Solution File, Format Version 12.00
# Visual Studio Version 16
VisualStudioVersion = 16.0.31025.194
MinimumVisualStudioVersion = 10.0.40219.1
Project("{FAE04EC0-301F-11D3-BF4B-00C04F79EFBC}") = "SiemensApi", "SiemensApi.csproj", "{1D8F906E-9491-4DF6-84CA-7D2072EA6BE0}"
EndProject
Global
	GlobalSection(SolutionConfigurationPlatforms) = preSolution
		Debug|Any CPU = Debug|Any CPU
		Release|Any CPU = Release|Any CPU
	EndGlobalSection
	GlobalSection(ProjectConfigurationPlatforms) = postSolution
		{1D8F906E-9491-4DF6-84CA-7D2072EA6BE0}.Debug|Any CPU.ActiveCfg = Debug|Any CPU
		{1D8F906E-9491-4DF6-84CA-7D2072EA6BE0}.Debug|Any CPU.Build.0 = Debug|Any CPU
		{1D8F906E-9491-4DF6-84CA-7D2072EA6BE0}.Release|Any CPU.ActiveCfg = Release|Any CPU
		{1D8F906E-9491-4DF6-84CA-7D2072EA6BE0}.Release|Any CPU.Build.0 = Release|Any CPU
	EndGlobalSection
	GlobalSection(SolutionProperties) = preSolution
		HideSolutionNode = FALSE
	EndGlobalSection
	GlobalSection(ExtensibilityGlobals) = postSolution
		SolutionGuid = {B1EFB12A-6B12-43B6-9425-B54C73ED07AD}
	EndGlobalSection
EndGlobal
